{
  "name": "kek",
  "version": "1.0.0",
  "lockfileVersion": 3,
  "requires": true,
  "packages": {
    "": {
      "name": "kek",
      "version": "1.0.0",
      "dependencies": {
        "express": "^4.19.0"
      }
    },
    "node_modules/express": {
      "version": "4.19.0",
      "resolved": "https://registry.npmjs.org/express/-/express-4.19.0.tgz",
      "integrity": "sha512-LpX8hR8f04+sa2h5QK7hdqtP6WbklG1gZIG8TzKHTQn8pIYbdoy6KcOxn6oC1+Fkt6Wm4xrIC0x7c+mlYk1lBQ=="
    }
  }
}
