{
  "name": "kek",
  "lockfileVersion": 3,
  "requires": true,
  "packages": {
    "": {
      "name": "kek",
      "version": "1.0.0",
      "dependencies": {
        "express": "^4.21.2"
      }
    },
    "node_modules/express": {
      "version": "4.21.2",
      "resolved": "https://registry.npmjs.org/express/-/express-4.21.2.tgz",
      "integrity": "sha512-+T7sk3zU63lCWaEAhC7wkb1v6peJIp6qX2E7Xz6B6yYoU3tvO19Vni1Kgr7rQILN1p7GvS/NQGd5blwACx4erQ=="
    }
  }
}
